// !$*UTF8*$!
{
	archiveVersion = 1;
	classes = {
	};
	objectVersion = 56;
	objects = {

/* Begin PBXBuildFile section */
		8D2CD91B2A7331610095F9EF /* AppDelegate.swift in Sources */ = {isa = PBXBuildFile; fileRef = 8D2CD91A2A7331610095F9EF /* AppDelegate.swift */; };
		8D2CD91D2A7331610095F9EF /* SceneDelegate.swift in Sources */ = {isa = PBXBuildFile; fileRef = 8D2CD91C2A7331610095F9EF /* SceneDelegate.swift */; };
		8D2CD91F2A7331610095F9EF /* ViewController.swift in Sources */ = {isa = PBXBuildFile; fileRef = 8D2CD91E2A7331610095F9EF /* ViewController.swift */; };
		8D2CD9222A7331610095F9EF /* Main.storyboard in Resources */ = {isa = PBXBuildFile; fileRef = 8D2CD9202A7331610095F9EF /* Main.storyboard */; };
		8D2CD9242A7331630095F9EF /* Assets.xcassets in Resources */ = {isa = PBXBuildFile; fileRef = 8D2CD9232A7331630095F9EF /* Assets.xcassets */; };
		8D2CD9272A7331630095F9EF /* LaunchScreen.storyboard in Resources */ = {isa = PBXBuildFile; fileRef = 8D2CD9252A7331630095F9EF /* LaunchScreen.storyboard */; };
		8D2CD9312A7337620095F9EF /* ItemTableViewCell.swift in Sources */ = {isa = PBXBuildFile; fileRef = 8D2CD92F2A7337620095F9EF /* ItemTableViewCell.swift */; };
		8D2CD9322A7337620095F9EF /* ItemTableViewCell.xib in Resources */ = {isa = PBXBuildFile; fileRef = 8D2CD9302A7337620095F9EF /* ItemTableViewCell.xib */; };
		8D2CD9352A7343210095F9EF /* DataProvider.swift in Sources */ = {isa = PBXBuildFile; fileRef = 8D2CD9342A7343210095F9EF /* DataProvider.swift */; };
		8D2CD9382A73461F0095F9EF /* Kingfisher in Frameworks */ = {isa = PBXBuildFile; productRef = 8D2CD9372A73461F0095F9EF /* Kingfisher */; };
		8D2CD93C2A74B7950095F9EF /* Alamofire in Frameworks */ = {isa = PBXBuildFile; productRef = 8D2CD93B2A74B7950095F9EF /* Alamofire */; };
		8D2CD93E2A74B7D60095F9EF /* NarutoData.swift in Sources */ = {isa = PBXBuildFile; fileRef = 8D2CD93D2A74B7D60095F9EF /* NarutoData.swift */; };
		8D2CD9402A74B87C0095F9EF /* NarutoManager.swift in Sources */ = {isa = PBXBuildFile; fileRef = 8D2CD93F2A74B87C0095F9EF /* NarutoManager.swift */; };
		8D2CD9422A74BB680095F9EF /* NarutoModel.swift in Sources */ = {isa = PBXBuildFile; fileRef = 8D2CD9412A74BB670095F9EF /* NarutoModel.swift */; };
		8D2CD9442A7617BB0095F9EF /* DetailViewController.swift in Sources */ = {isa = PBXBuildFile; fileRef = 8D2CD9432A7617BB0095F9EF /* DetailViewController.swift */; };
/* End PBXBuildFile section */

/* Begin PBXFileReference section */
		8D2CD9172A7331610095F9EF /* First List.app */ = {isa = PBXFileReference; explicitFileType = wrapper.application; includeInIndex = 0; path = "First List.app"; sourceTree = BUILT_PRODUCTS_DIR; };
		8D2CD91A2A7331610095F9EF /* AppDelegate.swift */ = {isa = PBXFileReference; lastKnownFileType = sourcecode.swift; path = AppDelegate.swift; sourceTree = "<group>"; };
		8D2CD91C2A7331610095F9EF /* SceneDelegate.swift */ = {isa = PBXFileReference; lastKnownFileType = sourcecode.swift; path = SceneDelegate.swift; sourceTree = "<group>"; };
		8D2CD91E2A7331610095F9EF /* ViewController.swift */ = {isa = PBXFileReference; lastKnownFileType = sourcecode.swift; path = ViewController.swift; sourceTree = "<group>"; };
		8D2CD9212A7331610095F9EF /* Base */ = {isa = PBXFileReference; lastKnownFileType = file.storyboard; name = Base; path = Base.lproj/Main.storyboard; sourceTree = "<group>"; };
		8D2CD9232A7331630095F9EF /* Assets.xcassets */ = {isa = PBXFileReference; lastKnownFileType = folder.assetcatalog; path = Assets.xcassets; sourceTree = "<group>"; };
		8D2CD9262A7331630095F9EF /* Base */ = {isa = PBXFileReference; lastKnownFileType = file.storyboard; name = Base; path = Base.lproj/LaunchScreen.storyboard; sourceTree = "<group>"; };
		8D2CD9282A7331630095F9EF /* Info.plist */ = {isa = PBXFileReference; lastKnownFileType = text.plist.xml; path = Info.plist; sourceTree = "<group>"; };
		8D2CD92F2A7337620095F9EF /* ItemTableViewCell.swift */ = {isa = PBXFileReference; lastKnownFileType = sourcecode.swift; path = ItemTableViewCell.swift; sourceTree = "<group>"; };
		8D2CD9302A7337620095F9EF /* ItemTableViewCell.xib */ = {isa = PBXFileReference; lastKnownFileType = file.xib; path = ItemTableViewCell.xib; sourceTree = "<group>"; };
		8D2CD9342A7343210095F9EF /* DataProvider.swift */ = {isa = PBXFileReference; lastKnownFileType = sourcecode.swift; path = DataProvider.swift; sourceTree = "<group>"; };
		8D2CD93D2A74B7D60095F9EF /* NarutoData.swift */ = {isa = PBXFileReference; lastKnownFileType = sourcecode.swift; path = NarutoData.swift; sourceTree = "<group>"; };
		8D2CD93F2A74B87C0095F9EF /* NarutoManager.swift */ = {isa = PBXFileReference; lastKnownFileType = sourcecode.swift; path = NarutoManager.swift; sourceTree = "<group>"; };
		8D2CD9412A74BB670095F9EF /* NarutoModel.swift */ = {isa = PBXFileReference; lastKnownFileType = sourcecode.swift; path = NarutoModel.swift; sourceTree = "<group>"; };
		8D2CD9432A7617BB0095F9EF /* DetailViewController.swift */ = {isa = PBXFileReference; lastKnownFileType = sourcecode.swift; path = DetailViewController.swift; sourceTree = "<group>"; };
/* End PBXFileReference section */

/* Begin PBXFrameworksBuildPhase section */
		8D2CD9142A7331610095F9EF /* Frameworks */ = {
			isa = PBXFrameworksBuildPhase;
			buildActionMask = 2147483647;
			files = (
				8D2CD9382A73461F0095F9EF /* Kingfisher in Frameworks */,
				8D2CD93C2A74B7950095F9EF /* Alamofire in Frameworks */,
			);
			runOnlyForDeploymentPostprocessing = 0;
		};
/* End PBXFrameworksBuildPhase section */

/* Begin PBXGroup section */
		8D2CD90E2A7331610095F9EF = {
			isa = PBXGroup;
			children = (
				8D2CD9192A7331610095F9EF /* First List */,
				8D2CD9182A7331610095F9EF /* Products */,
			);
			sourceTree = "<group>";
		};
		8D2CD9182A7331610095F9EF /* Products */ = {
			isa = PBXGroup;
			children = (
				8D2CD9172A7331610095F9EF /* First List.app */,
			);
			name = Products;
			sourceTree = "<group>";
		};
		8D2CD9192A7331610095F9EF /* First List */ = {
			isa = PBXGroup;
			children = (
				8D2CD9332A73430F0095F9EF /* Data */,
				8D2CD92E2A7337190095F9EF /* Cells */,
				8D2CD91A2A7331610095F9EF /* AppDelegate.swift */,
				8D2CD91C2A7331610095F9EF /* SceneDelegate.swift */,
				8D2CD91E2A7331610095F9EF /* ViewController.swift */,
				8D2CD9392A74B5420095F9EF /* Controllers */,
				8D2CD9202A7331610095F9EF /* Main.storyboard */,
				8D2CD9232A7331630095F9EF /* Assets.xcassets */,
				8D2CD9252A7331630095F9EF /* LaunchScreen.storyboard */,
				8D2CD9282A7331630095F9EF /* Info.plist */,
			);
			path = "First List";
			sourceTree = "<group>";
		};
		8D2CD92E2A7337190095F9EF /* Cells */ = {
			isa = PBXGroup;
			children = (
				8D2CD92F2A7337620095F9EF /* ItemTableViewCell.swift */,
				8D2CD9302A7337620095F9EF /* ItemTableViewCell.xib */,
			);
			path = Cells;
			sourceTree = "<group>";
		};
		8D2CD9332A73430F0095F9EF /* Data */ = {
			isa = PBXGroup;
			children = (
				8D2CD9342A7343210095F9EF /* DataProvider.swift */,
				8D2CD93D2A74B7D60095F9EF /* NarutoData.swift */,
				8D2CD93F2A74B87C0095F9EF /* NarutoManager.swift */,
				8D2CD9412A74BB670095F9EF /* NarutoModel.swift */,
			);
			path = Data;
			sourceTree = "<group>";
		};
		8D2CD9392A74B5420095F9EF /* Controllers */ = {
			isa = PBXGroup;
			children = (
				8D2CD9432A7617BB0095F9EF /* DetailViewController.swift */,
			);
			path = Controllers;
			sourceTree = "<group>";
		};
/* End PBXGroup section */

/* Begin PBXNativeTarget section */
		8D2CD9162A7331610095F9EF /* First List */ = {
			isa = PBXNativeTarget;
			buildConfigurationList = 8D2CD92B2A7331630095F9EF /* Build configuration list for PBXNativeTarget "First List" */;
			buildPhases = (
				8D2CD9132A7331610095F9EF /* Sources */,
				8D2CD9142A7331610095F9EF /* Frameworks */,
				8D2CD9152A7331610095F9EF /* Resources */,
			);
			buildRules = (
			);
			dependencies = (
			);
			name = "First List";
			packageProductDependencies = (
				8D2CD9372A73461F0095F9EF /* Kingfisher */,
				8D2CD93B2A74B7950095F9EF /* Alamofire */,
			);
			productName = "First List";
			productReference = 8D2CD9172A7331610095F9EF /* First List.app */;
			productType = "com.apple.product-type.application";
		};
/* End PBXNativeTarget section */

/* Begin PBXProject section */
		8D2CD90F2A7331610095F9EF /* Project object */ = {
			isa = PBXProject;
			attributes = {
				BuildIndependentTargetsInParallel = 1;
				LastSwiftUpdateCheck = 1430;
				LastUpgradeCheck = 1430;
				TargetAttributes = {
					8D2CD9162A7331610095F9EF = {
						CreatedOnToolsVersion = 14.3.1;
					};
				};
			};
			buildConfigurationList = 8D2CD9122A7331610095F9EF /* Build configuration list for PBXProject "First List" */;
			compatibilityVersion = "Xcode 14.0";
			developmentRegion = en;
			hasScannedForEncodings = 0;
			knownRegions = (
				en,
				Base,
			);
			mainGroup = 8D2CD90E2A7331610095F9EF;
			packageReferences = (
				8D2CD9362A73461F0095F9EF /* XCRemoteSwiftPackageReference "Kingfisher" */,
				8D2CD93A2A74B7950095F9EF /* XCRemoteSwiftPackageReference "Alamofire" */,
			);
			productRefGroup = 8D2CD9182A7331610095F9EF /* Products */;
			projectDirPath = "";
			projectRoot = "";
			targets = (
				8D2CD9162A7331610095F9EF /* First List */,
			);
		};
/* End PBXProject section */

/* Begin PBXResourcesBuildPhase section */
		8D2CD9152A7331610095F9EF /* Resources */ = {
			isa = PBXResourcesBuildPhase;
			buildActionMask = 2147483647;
			files = (
				8D2CD9322A7337620095F9EF /* ItemTableViewCell.xib in Resources */,
				8D2CD9272A7331630095F9EF /* LaunchScreen.storyboard in Resources */,
				8D2CD9242A7331630095F9EF /* Assets.xcassets in Resources */,
				8D2CD9222A7331610095F9EF /* Main.storyboard in Resources */,
			);
			runOnlyForDeploymentPostprocessing = 0;
		};
/* End PBXResourcesBuildPhase section */

/* Begin PBXSourcesBuildPhase section */
		8D2CD9132A7331610095F9EF /* Sources */ = {
			isa = PBXSourcesBuildPhase;
			buildActionMask = 2147483647;
			files = (
				8D2CD9442A7617BB0095F9EF /* DetailViewController.swift in Sources */,
				8D2CD9312A7337620095F9EF /* ItemTableViewCell.swift in Sources */,
				8D2CD91F2A7331610095F9EF /* ViewController.swift in Sources */,
				8D2CD93E2A74B7D60095F9EF /* NarutoData.swift in Sources */,
				8D2CD9352A7343210095F9EF /* DataProvider.swift in Sources */,
				8D2CD9402A74B87C0095F9EF /* NarutoManager.swift in Sources */,
				8D2CD91B2A7331610095F9EF /* AppDelegate.swift in Sources */,
				8D2CD9422A74BB680095F9EF /* NarutoModel.swift in Sources */,
				8D2CD91D2A7331610095F9EF /* SceneDelegate.swift in Sources */,
			);
			runOnlyForDeploymentPostprocessing = 0;
		};
/* End PBXSourcesBuildPhase section */

/* Begin PBXVariantGroup section */
		8D2CD9202A7331610095F9EF /* Main.storyboard */ = {
			isa = PBXVariantGroup;
			children = (
				8D2CD9212A7331610095F9EF /* Base */,
			);
			name = Main.storyboard;
			sourceTree = "<group>";
		};
		8D2CD9252A7331630095F9EF /* LaunchScreen.storyboard */ = {
			isa = PBXVariantGroup;
			children = (
				8D2CD9262A7331630095F9EF /* Base */,
			);
			name = LaunchScreen.storyboard;
			sourceTree = "<group>";
		};
/* End PBXVariantGroup section */

/* Begin XCBuildConfiguration section */
		8D2CD9292A7331630095F9EF /* Debug */ = {
			isa = XCBuildConfiguration;
			buildSettings = {
				ALWAYS_SEARCH_USER_PATHS = NO;
				CLANG_ANALYZER_NONNULL = YES;
				CLANG_ANALYZER_NUMBER_OBJECT_CONVERSION = YES_AGGRESSIVE;
				CLANG_CXX_LANGUAGE_STANDARD = "gnu++20";
				CLANG_ENABLE_MODULES = YES;
				CLANG_ENABLE_OBJC_ARC = YES;
				CLANG_ENABLE_OBJC_WEAK = YES;
				CLANG_WARN_BLOCK_CAPTURE_AUTORELEASING = YES;
				CLANG_WARN_BOOL_CONVERSION = YES;
				CLANG_WARN_COMMA = YES;
				CLANG_WARN_CONSTANT_CONVERSION = YES;
				CLANG_WARN_DEPRECATED_OBJC_IMPLEMENTATIONS = YES;
				CLANG_WARN_DIRECT_OBJC_ISA_USAGE = YES_ERROR;
				CLANG_WARN_DOCUMENTATION_COMMENTS = YES;
				CLANG_WARN_EMPTY_BODY = YES;
				CLANG_WARN_ENUM_CONVERSION = YES;
				CLANG_WARN_INFINITE_RECURSION = YES;
				CLANG_WARN_INT_CONVERSION = YES;
				CLANG_WARN_NON_LITERAL_NULL_CONVERSION = YES;
				CLANG_WARN_OBJC_IMPLICIT_RETAIN_SELF = YES;
				CLANG_WARN_OBJC_LITERAL_CONVERSION = YES;
				CLANG_WARN_OBJC_ROOT_CLASS = YES_ERROR;
				CLANG_WARN_QUOTED_INCLUDE_IN_FRAMEWORK_HEADER = YES;
				CLANG_WARN_RANGE_LOOP_ANALYSIS = YES;
				CLANG_WARN_STRICT_PROTOTYPES = YES;
				CLANG_WARN_SUSPICIOUS_MOVE = YES;
				CLANG_WARN_UNGUARDED_AVAILABILITY = YES_AGGRESSIVE;
				CLANG_WARN_UNREACHABLE_CODE = YES;
				CLANG_WARN__DUPLICATE_METHOD_MATCH = YES;
				COPY_PHASE_STRIP = NO;
				DEBUG_INFORMATION_FORMAT = dwarf;
				ENABLE_STRICT_OBJC_MSGSEND = YES;
				ENABLE_TESTABILITY = YES;
				GCC_C_LANGUAGE_STANDARD = gnu11;
				GCC_DYNAMIC_NO_PIC = NO;
				GCC_NO_COMMON_BLOCKS = YES;
				GCC_OPTIMIZATION_LEVEL = 0;
				GCC_PREPROCESSOR_DEFINITIONS = (
					"DEBUG=1",
					"$(inherited)",
				);
				GCC_WARN_64_TO_32_BIT_CONVERSION = YES;
				GCC_WARN_ABOUT_RETURN_TYPE = YES_ERROR;
				GCC_WARN_UNDECLARED_SELECTOR = YES;
				GCC_WARN_UNINITIALIZED_AUTOS = YES_AGGRESSIVE;
				GCC_WARN_UNUSED_FUNCTION = YES;
				GCC_WARN_UNUSED_VARIABLE = YES;
				IPHONEOS_DEPLOYMENT_TARGET = 16.4;
				MTL_ENABLE_DEBUG_INFO = INCLUDE_SOURCE;
				MTL_FAST_MATH = YES;
				ONLY_ACTIVE_ARCH = YES;
				SDKROOT = iphoneos;
				SWIFT_ACTIVE_COMPILATION_CONDITIONS = DEBUG;
				SWIFT_OPTIMIZATION_LEVEL = "-Onone";
			};
			name = Debug;
		};
		8D2CD92A2A7331630095F9EF /* Release */ = {
			isa = XCBuildConfiguration;
			buildSettings = {
				ALWAYS_SEARCH_USER_PATHS = NO;
				CLANG_ANALYZER_NONNULL = YES;
				CLANG_ANALYZER_NUMBER_OBJECT_CONVERSION = YES_AGGRESSIVE;
				CLANG_CXX_LANGUAGE_STANDARD = "gnu++20";
				CLANG_ENABLE_MODULES = YES;
				CLANG_ENABLE_OBJC_ARC = YES;
				CLANG_ENABLE_OBJC_WEAK = YES;
				CLANG_WARN_BLOCK_CAPTURE_AUTORELEASING = YES;
				CLANG_WARN_BOOL_CONVERSION = YES;
				CLANG_WARN_COMMA = YES;
				CLANG_WARN_CONSTANT_CONVERSION = YES;
				CLANG_WARN_DEPRECATED_OBJC_IMPLEMENTATIONS = YES;
				CLANG_WARN_DIRECT_OBJC_ISA_USAGE = YES_ERROR;
				CLANG_WARN_DOCUMENTATION_COMMENTS = YES;
				CLANG_WARN_EMPTY_BODY = YES;
				CLANG_WARN_ENUM_CONVERSION = YES;
				CLANG_WARN_INFINITE_RECURSION = YES;
				CLANG_WARN_INT_CONVERSION = YES;
				CLANG_WARN_NON_LITERAL_NULL_CONVERSION = YES;
				CLANG_WARN_OBJC_IMPLICIT_RETAIN_SELF = YES;
				CLANG_WARN_OBJC_LITERAL_CONVERSION = YES;
				CLANG_WARN_OBJC_ROOT_CLASS = YES_ERROR;
				CLANG_WARN_QUOTED_INCLUDE_IN_FRAMEWORK_HEADER = YES;
				CLANG_WARN_RANGE_LOOP_ANALYSIS = YES;
				CLANG_WARN_STRICT_PROTOTYPES = YES;
				CLANG_WARN_SUSPICIOUS_MOVE = YES;
				CLANG_WARN_UNGUARDED_AVAILABILITY = YES_AGGRESSIVE;
				CLANG_WARN_UNREACHABLE_CODE = YES;
				CLANG_WARN__DUPLICATE_METHOD_MATCH = YES;
				COPY_PHASE_STRIP = NO;
				DEBUG_INFORMATION_FORMAT = "dwarf-with-dsym";
				ENABLE_NS_ASSERTIONS = NO;
				ENABLE_STRICT_OBJC_MSGSEND = YES;
				GCC_C_LANGUAGE_STANDARD = gnu11;
				GCC_NO_COMMON_BLOCKS = YES;
				GCC_WARN_64_TO_32_BIT_CONVERSION = YES;
				GCC_WARN_ABOUT_RETURN_TYPE = YES_ERROR;
				GCC_WARN_UNDECLARED_SELECTOR = YES;
				GCC_WARN_UNINITIALIZED_AUTOS = YES_AGGRESSIVE;
				GCC_WARN_UNUSED_FUNCTION = YES;
				GCC_WARN_UNUSED_VARIABLE = YES;
				IPHONEOS_DEPLOYMENT_TARGET = 16.4;
				MTL_ENABLE_DEBUG_INFO = NO;
				MTL_FAST_MATH = YES;
				SDKROOT = iphoneos;
				SWIFT_COMPILATION_MODE = wholemodule;
				SWIFT_OPTIMIZATION_LEVEL = "-O";
				VALIDATE_PRODUCT = YES;
			};
			name = Release;
		};
		8D2CD92C2A7331630095F9EF /* Debug */ = {
			isa = XCBuildConfiguration;
			buildSettings = {
				ASSETCATALOG_COMPILER_APPICON_NAME = AppIcon;
				ASSETCATALOG_COMPILER_GLOBAL_ACCENT_COLOR_NAME = AccentColor;
				CODE_SIGN_STYLE = Automatic;
				CURRENT_PROJECT_VERSION = 1;
				DEVELOPMENT_TEAM = 7N7HCBX33L;
				GENERATE_INFOPLIST_FILE = YES;
				INFOPLIST_FILE = "First List/Info.plist";
				INFOPLIST_KEY_UIApplicationSupportsIndirectInputEvents = YES;
				INFOPLIST_KEY_UILaunchStoryboardName = LaunchScreen;
				INFOPLIST_KEY_UIMainStoryboardFile = Main;
				INFOPLIST_KEY_UISupportedInterfaceOrientations_iPad = "UIInterfaceOrientationPortrait UIInterfaceOrientationPortraitUpsideDown UIInterfaceOrientationLandscapeLeft UIInterfaceOrientationLandscapeRight";
				INFOPLIST_KEY_UISupportedInterfaceOrientations_iPhone = "UIInterfaceOrientationPortrait UIInterfaceOrientationLandscapeLeft UIInterfaceOrientationLandscapeRight";
				LD_RUNPATH_SEARCH_PATHS = (
					"$(inherited)",
					"@executable_path/Frameworks",
				);
				MARKETING_VERSION = 1.0;
				PRODUCT_BUNDLE_IDENTIFIER = "app.one.webfamous.mx.First-List";
				PRODUCT_NAME = "$(TARGET_NAME)";
				SUPPORTED_PLATFORMS = "iphoneos iphonesimulator";
				SUPPORTS_MACCATALYST = NO;
				SUPPORTS_MAC_DESIGNED_FOR_IPHONE_IPAD = NO;
				SWIFT_EMIT_LOC_STRINGS = YES;
				SWIFT_VERSION = 5.0;
				TARGETED_DEVICE_FAMILY = "1,2";
			};
			name = Debug;
		};
		8D2CD92D2A7331630095F9EF /* Release */ = {
			isa = XCBuildConfiguration;
			buildSettings = {
				ASSETCATALOG_COMPILER_APPICON_NAME = AppIcon;
				ASSETCATALOG_COMPILER_GLOBAL_ACCENT_COLOR_NAME = AccentColor;
				CODE_SIGN_STYLE = Automatic;
				CURRENT_PROJECT_VERSION = 1;
				DEVELOPMENT_TEAM = 7N7HCBX33L;
				GENERATE_INFOPLIST_FILE = YES;
				INFOPLIST_FILE = "First List/Info.plist";
				INFOPLIST_KEY_UIApplicationSupportsIndirectInputEvents = YES;
				INFOPLIST_KEY_UILaunchStoryboardName = LaunchScreen;
				INFOPLIST_KEY_UIMainStoryboardFile = Main;
				INFOPLIST_KEY_UISupportedInterfaceOrientations_iPad = "UIInterfaceOrientationPortrait UIInterfaceOrientationPortraitUpsideDown UIInterfaceOrientationLandscapeLeft UIInterfaceOrientationLandscapeRight";
				INFOPLIST_KEY_UISupportedInterfaceOrientations_iPhone = "UIInterfaceOrientationPortrait UIInterfaceOrientationLandscapeLeft UIInterfaceOrientationLandscapeRight";
				LD_RUNPATH_SEARCH_PATHS = (
					"$(inherited)",
					"@executable_path/Frameworks",
				);
				MARKETING_VERSION = 1.0;
				PRODUCT_BUNDLE_IDENTIFIER = "app.one.webfamous.mx.First-List";
				PRODUCT_NAME = "$(TARGET_NAME)";
				SUPPORTED_PLATFORMS = "iphoneos iphonesimulator";
				SUPPORTS_MACCATALYST = NO;
				SUPPORTS_MAC_DESIGNED_FOR_IPHONE_IPAD = NO;
				SWIFT_EMIT_LOC_STRINGS = YES;
				SWIFT_VERSION = 5.0;
				TARGETED_DEVICE_FAMILY = "1,2";
			};
			name = Release;
		};
/* End XCBuildConfiguration section */

/* Begin XCConfigurationList section */
		8D2CD9122A7331610095F9EF /* Build configuration list for PBXProject "First List" */ = {
			isa = XCConfigurationList;
			buildConfigurations = (
				8D2CD9292A7331630095F9EF /* Debug */,
				8D2CD92A2A7331630095F9EF /* Release */,
			);
			defaultConfigurationIsVisible = 0;
			defaultConfigurationName = Release;
		};
		8D2CD92B2A7331630095F9EF /* Build configuration list for PBXNativeTarget "First List" */ = {
			isa = XCConfigurationList;
			buildConfigurations = (
				8D2CD92C2A7331630095F9EF /* Debug */,
				8D2CD92D2A7331630095F9EF /* Release */,
			);
			defaultConfigurationIsVisible = 0;
			defaultConfigurationName = Release;
		};
/* End XCConfigurationList section */

/* Begin XCRemoteSwiftPackageReference section */
		8D2CD9362A73461F0095F9EF /* XCRemoteSwiftPackageReference "Kingfisher" */ = {
			isa = XCRemoteSwiftPackageReference;
			repositoryURL = "https://github.com/onevcat/Kingfisher.git";
			requirement = {
				kind = upToNextMajorVersion;
				minimumVersion = 7.0.0;
			};
		};
		8D2CD93A2A74B7950095F9EF /* XCRemoteSwiftPackageReference "Alamofire" */ = {
			isa = XCRemoteSwiftPackageReference;
			repositoryURL = "https://github.com/Alamofire/Alamofire.git";
			requirement = {
				kind = upToNextMajorVersion;
				minimumVersion = 5.0.0;
			};
		};
/* End XCRemoteSwiftPackageReference section */

/* Begin XCSwiftPackageProductDependency section */
		8D2CD9372A73461F0095F9EF /* Kingfisher */ = {
			isa = XCSwiftPackageProductDependency;
			package = 8D2CD9362A73461F0095F9EF /* XCRemoteSwiftPackageReference "Kingfisher" */;
			productName = Kingfisher;
		};
		8D2CD93B2A74B7950095F9EF /* Alamofire */ = {
			isa = XCSwiftPackageProductDependency;
			package = 8D2CD93A2A74B7950095F9EF /* XCRemoteSwiftPackageReference "Alamofire" */;
			productName = Alamofire;
		};
/* End XCSwiftPackageProductDependency section */
	};
	rootObject = 8D2CD90F2A7331610095F9EF /* Project object */;
}
